
Microsoft Visual Studio Solution File, Format Version 12.00
# Visual Studio Version 16
VisualStudioVersion = 16.0.30114.105
MinimumVisualStudioVersion = 10.0.40219.1
Project("{FAE04EC0-301F-11D3-BF4B-00C04F79EFBC}") = "RPDemo", "RPDemo\RPDemo.csproj", "{D99EF6B9-4DC3-477F-9027-93351C0E1397}"
EndProject
Global
	GlobalSection(SolutionConfigurationPlatforms) = preSolution
		Debug|Any CPU = Debug|Any CPU
		Release|Any CPU = Release|Any CPU
	EndGlobalSection
	GlobalSection(SolutionProperties) = preSolution
		HideSolutionNode = FALSE
	EndGlobalSection
	GlobalSection(ProjectConfigurationPlatforms) = postSolution
		{D99EF6B9-4DC3-477F-9027-93351C0E1397}.Debug|Any CPU.ActiveCfg = Debug|Any CPU
		{D99EF6B9-4DC3-477F-9027-93351C0E1397}.Debug|Any CPU.Build.0 = Debug|Any CPU
		{D99EF6B9-4DC3-477F-9027-93351C0E1397}.Release|Any CPU.ActiveCfg = Release|Any CPU
		{D99EF6B9-4DC3-477F-9027-93351C0E1397}.Release|Any CPU.Build.0 = Release|Any CPU
	EndGlobalSection
EndGlobal
