
Microsoft Visual Studio Solution File, Format Version 12.00
# Visual Studio Version 17
VisualStudioVersion = 17.0.31717.71
MinimumVisualStudioVersion = 10.0.40219.1
Project("{9A19103F-16F7-4668-BE54-9A1E7A4F7556}") = "RPDemo", "RPDemo\RPDemo.csproj", "{D99EF6B9-4DC3-477F-9027-93351C0E1397}"
EndProject
Project("{9A19103F-16F7-4668-BE54-9A1E7A4F7556}") = "API", "API\API.csproj", "{1A48C5F5-79C7-4188-B1B7-9295C9BEF400}"
EndProject
Project("{9A19103F-16F7-4668-BE54-9A1E7A4F7556}") = "BlazorClient", "BlazorClient\BlazorClient.csproj", "{C0339A7C-D5C6-4E50-8DF7-F863C077DB6A}"
EndProject
Project("{9A19103F-16F7-4668-BE54-9A1E7A4F7556}") = "BlazorServer", "BlazorServer\BlazorServer.csproj", "{0DACC73D-BC28-460A-BD5E-30552ACA1907}"
EndProject
Project("{9A19103F-16F7-4668-BE54-9A1E7A4F7556}") = "MVC", "MVC\MVC.csproj", "{B68977D2-D65B-43AA-8DB2-AF107235D587}"
EndProject
Project("{9A19103F-16F7-4668-BE54-9A1E7A4F7556}") = "RazorPages", "RazorPages\RazorPages.csproj", "{F5B36336-93BE-4131-A679-EFF6CDA061AF}"
EndProject
Project("{FAE04EC0-301F-11D3-BF4B-00C04F79EFBC}") = "MVCDemo", "MVCDemo\MVCDemo.csproj", "{84732698-3AED-4288-8E4F-BF77B87F7CBD}"
EndProject
Project("{FAE04EC0-301F-11D3-BF4B-00C04F79EFBC}") = "APIDemo", "APIDemo\APIDemo.csproj", "{C4AE3933-2C4C-42AD-B3C6-5E3F67B536E0}"
EndProject
Global
	GlobalSection(SolutionConfigurationPlatforms) = preSolution
		Debug|Any CPU = Debug|Any CPU
		Release|Any CPU = Release|Any CPU
	EndGlobalSection
	GlobalSection(ProjectConfigurationPlatforms) = postSolution
		{D99EF6B9-4DC3-477F-9027-93351C0E1397}.Debug|Any CPU.ActiveCfg = Debug|Any CPU
		{D99EF6B9-4DC3-477F-9027-93351C0E1397}.Debug|Any CPU.Build.0 = Debug|Any CPU
		{D99EF6B9-4DC3-477F-9027-93351C0E1397}.Release|Any CPU.ActiveCfg = Release|Any CPU
		{D99EF6B9-4DC3-477F-9027-93351C0E1397}.Release|Any CPU.Build.0 = Release|Any CPU
		{1A48C5F5-79C7-4188-B1B7-9295C9BEF400}.Debug|Any CPU.ActiveCfg = Debug|Any CPU
		{1A48C5F5-79C7-4188-B1B7-9295C9BEF400}.Debug|Any CPU.Build.0 = Debug|Any CPU
		{1A48C5F5-79C7-4188-B1B7-9295C9BEF400}.Release|Any CPU.ActiveCfg = Release|Any CPU
		{1A48C5F5-79C7-4188-B1B7-9295C9BEF400}.Release|Any CPU.Build.0 = Release|Any CPU
		{C0339A7C-D5C6-4E50-8DF7-F863C077DB6A}.Debug|Any CPU.ActiveCfg = Debug|Any CPU
		{C0339A7C-D5C6-4E50-8DF7-F863C077DB6A}.Debug|Any CPU.Build.0 = Debug|Any CPU
		{C0339A7C-D5C6-4E50-8DF7-F863C077DB6A}.Release|Any CPU.ActiveCfg = Release|Any CPU
		{C0339A7C-D5C6-4E50-8DF7-F863C077DB6A}.Release|Any CPU.Build.0 = Release|Any CPU
		{0DACC73D-BC28-460A-BD5E-30552ACA1907}.Debug|Any CPU.ActiveCfg = Debug|Any CPU
		{0DACC73D-BC28-460A-BD5E-30552ACA1907}.Debug|Any CPU.Build.0 = Debug|Any CPU
		{0DACC73D-BC28-460A-BD5E-30552ACA1907}.Release|Any CPU.ActiveCfg = Release|Any CPU
		{0DACC73D-BC28-460A-BD5E-30552ACA1907}.Release|Any CPU.Build.0 = Release|Any CPU
		{B68977D2-D65B-43AA-8DB2-AF107235D587}.Debug|Any CPU.ActiveCfg = Debug|Any CPU
		{B68977D2-D65B-43AA-8DB2-AF107235D587}.Debug|Any CPU.Build.0 = Debug|Any CPU
		{B68977D2-D65B-43AA-8DB2-AF107235D587}.Release|Any CPU.ActiveCfg = Release|Any CPU
		{B68977D2-D65B-43AA-8DB2-AF107235D587}.Release|Any CPU.Build.0 = Release|Any CPU
		{F5B36336-93BE-4131-A679-EFF6CDA061AF}.Debug|Any CPU.ActiveCfg = Debug|Any CPU
		{F5B36336-93BE-4131-A679-EFF6CDA061AF}.Debug|Any CPU.Build.0 = Debug|Any CPU
		{F5B36336-93BE-4131-A679-EFF6CDA061AF}.Release|Any CPU.ActiveCfg = Release|Any CPU
		{F5B36336-93BE-4131-A679-EFF6CDA061AF}.Release|Any CPU.Build.0 = Release|Any CPU
		{84732698-3AED-4288-8E4F-BF77B87F7CBD}.Debug|Any CPU.ActiveCfg = Debug|Any CPU
		{84732698-3AED-4288-8E4F-BF77B87F7CBD}.Debug|Any CPU.Build.0 = Debug|Any CPU
		{84732698-3AED-4288-8E4F-BF77B87F7CBD}.Release|Any CPU.ActiveCfg = Release|Any CPU
		{84732698-3AED-4288-8E4F-BF77B87F7CBD}.Release|Any CPU.Build.0 = Release|Any CPU
		{C4AE3933-2C4C-42AD-B3C6-5E3F67B536E0}.Debug|Any CPU.ActiveCfg = Debug|Any CPU
		{C4AE3933-2C4C-42AD-B3C6-5E3F67B536E0}.Debug|Any CPU.Build.0 = Debug|Any CPU
		{C4AE3933-2C4C-42AD-B3C6-5E3F67B536E0}.Release|Any CPU.ActiveCfg = Release|Any CPU
		{C4AE3933-2C4C-42AD-B3C6-5E3F67B536E0}.Release|Any CPU.Build.0 = Release|Any CPU
	EndGlobalSection
	GlobalSection(SolutionProperties) = preSolution
		HideSolutionNode = FALSE
	EndGlobalSection
	GlobalSection(ExtensibilityGlobals) = postSolution
		SolutionGuid = {0D6DC76D-546A-4607-A683-2CA24C8FD633}
	EndGlobalSection
EndGlobal
